
Microsoft Visual Studio Solution File, Format Version 12.00
# Visual Studio Version 17
VisualStudioVersion = 17.3.32819.101
MinimumVisualStudioVersion = 10.0.40219.1
Project("{FAE04EC0-301F-11D3-BF4B-00C04F79EFBC}") = "ConsoleAppForMissing", "ConsoleAppForMissing\ConsoleAppForMissing.csproj", "{9BBE31D8-7614-4942-85E5-981E0C053C09}"
EndProject
Global
	GlobalSection(SolutionConfigurationPlatforms) = preSolution
		Debug|Any CPU = Debug|Any CPU
		Release|Any CPU = Release|Any CPU
	EndGlobalSection
	GlobalSection(ProjectConfigurationPlatforms) = postSolution
		{9BBE31D8-7614-4942-85E5-981E0C053C09}.Debug|Any CPU.ActiveCfg = Debug|Any CPU
		{9BBE31D8-7614-4942-85E5-981E0C053C09}.Debug|Any CPU.Build.0 = Debug|Any CPU
		{9BBE31D8-7614-4942-85E5-981E0C053C09}.Release|Any CPU.ActiveCfg = Release|Any CPU
		{9BBE31D8-7614-4942-85E5-981E0C053C09}.Release|Any CPU.Build.0 = Release|Any CPU
	EndGlobalSection
	GlobalSection(SolutionProperties) = preSolution
		HideSolutionNode = FALSE
	EndGlobalSection
	GlobalSection(ExtensibilityGlobals) = postSolution
		SolutionGuid = {68C267A0-4DF0-4593-8717-EE4FC8351EEF}
	EndGlobalSection
EndGlobal
